
Microsoft Visual Studio Solution File, Format Version 12.00
# Visual Studio 15
VisualStudioVersion = 15.0.28307.645
MinimumVisualStudioVersion = 10.0.40219.1
Project("{FAE04EC0-301F-11D3-BF4B-00C04F79EFBC}") = "2019_05_29_Singleton", "2019_05_29_Singleton\2019_05_29_Singleton.csproj", "{883F3D97-5170-4FE8-B66B-C7C741483686}"
EndProject
Project("{FAE04EC0-301F-11D3-BF4B-00C04F79EFBC}") = "SingletonLib", "SingletonLib\SingletonLib.csproj", "{51936C1F-9218-423A-9EBD-1B1E110C0F06}"
EndProject
Global
	GlobalSection(SolutionConfigurationPlatforms) = preSolution
		Debug|Any CPU = Debug|Any CPU
		Release|Any CPU = Release|Any CPU
	EndGlobalSection
	GlobalSection(ProjectConfigurationPlatforms) = postSolution
		{883F3D97-5170-4FE8-B66B-C7C741483686}.Debug|Any CPU.ActiveCfg = Debug|Any CPU
		{883F3D97-5170-4FE8-B66B-C7C741483686}.Debug|Any CPU.Build.0 = Debug|Any CPU
		{883F3D97-5170-4FE8-B66B-C7C741483686}.Release|Any CPU.ActiveCfg = Release|Any CPU
		{883F3D97-5170-4FE8-B66B-C7C741483686}.Release|Any CPU.Build.0 = Release|Any CPU
		{51936C1F-9218-423A-9EBD-1B1E110C0F06}.Debug|Any CPU.ActiveCfg = Debug|Any CPU
		{51936C1F-9218-423A-9EBD-1B1E110C0F06}.Debug|Any CPU.Build.0 = Debug|Any CPU
		{51936C1F-9218-423A-9EBD-1B1E110C0F06}.Release|Any CPU.ActiveCfg = Release|Any CPU
		{51936C1F-9218-423A-9EBD-1B1E110C0F06}.Release|Any CPU.Build.0 = Release|Any CPU
	EndGlobalSection
	GlobalSection(SolutionProperties) = preSolution
		HideSolutionNode = FALSE
	EndGlobalSection
	GlobalSection(ExtensibilityGlobals) = postSolution
		SolutionGuid = {EEA849D2-DCD3-456C-BD7C-4B394F1E350C}
	EndGlobalSection
EndGlobal
